
Microsoft Visual Studio Solution File, Format Version 12.00
# Visual Studio Express 2012 for Web
Project("{FAE04EC0-301F-11D3-BF4B-00C04F79EFBC}") = "minihackaton", "minihackaton\minihackaton.csproj", "{51C35D42-C925-43A4-99A9-373C2C1161DD}"
EndProject
Global
	GlobalSection(SolutionConfigurationPlatforms) = preSolution
		Debug|Any CPU = Debug|Any CPU
		Release|Any CPU = Release|Any CPU
	EndGlobalSection
	GlobalSection(ProjectConfigurationPlatforms) = postSolution
		{51C35D42-C925-43A4-99A9-373C2C1161DD}.Debug|Any CPU.ActiveCfg = Debug|Any CPU
		{51C35D42-C925-43A4-99A9-373C2C1161DD}.Debug|Any CPU.Build.0 = Debug|Any CPU
		{51C35D42-C925-43A4-99A9-373C2C1161DD}.Release|Any CPU.ActiveCfg = Release|Any CPU
		{51C35D42-C925-43A4-99A9-373C2C1161DD}.Release|Any CPU.Build.0 = Release|Any CPU
	EndGlobalSection
	GlobalSection(SolutionProperties) = preSolution
		HideSolutionNode = FALSE
	EndGlobalSection
EndGlobal
